Microsoft Visual Studio Solution File, Format Version 12.00
# Visual Studio Version 17
VisualStudioVersion = 17.13.35806.99
MinimumVisualStudioVersion = 10.0.40219.1
Project("{FAE04EC0-301F-11D3-BF4B-00C04F79EFBC}") = "RouteBeheerBL", "RouteBeheerBL\RouteBeheerBL.csproj", "{332DEA27-70C2-4FCE-AC84-D5E540FC0A21}"
EndProject
Project("{FAE04EC0-301F-11D3-BF4B-00C04F79EFBC}") = "RouteBeheerDL", "RouteBeheerDL\RouteBeheerDL.csproj", "{35EDDC8F-7D6D-4B11-AD92-1B5E8BB37BA9}"
EndProject
Project("{FAE04EC0-301F-11D3-BF4B-00C04F79EFBC}") = "WPFRouteBeheerUI", "WPFRouteBeheerUI\WPFRouteBeheerUI.csproj", "{8515D5C0-5CC7-4710-9300-B9564B8C8F4E}"
EndProject
Project("{FAE04EC0-301F-11D3-BF4B-00C04F79EFBC}") = "WPFNetwerkBeheerUI", "WPFNetwerkBeheerUI\WPFNetwerkBeheerUI.csproj", "{47F8FC2D-AEC6-4669-B0F3-9FBBA7655CE6}"
EndProject
Project("{FAE04EC0-301F-11D3-BF4B-00C04F79EFBC}") = "WPFFaciliteitBeheerUI", "WPFFaciliteitBeheerUI\WPFFaciliteitBeheerUI.csproj", "{D340225B-32ED-47BF-8426-9236E0C02011}"
EndProject
Project("{FAE04EC0-301F-11D3-BF4B-00C04F79EFBC}") = "UnitTestsModelRouteBeheer", "UnitTestsModelRouteBeheer\UnitTestsModelRouteBeheer.csproj", "{B3D149CF-DA54-43AC-8088-D3E8A9DAC948}"
EndProject
Project("{FAE04EC0-301F-11D3-BF4B-00C04F79EFBC}") = "ConsoleAppImportGegevens", "ConsoleAppImportGegevens\ConsoleAppImportGegevens.csproj", "{B87BE8FB-A1D3-458B-8466-F1F4ADC76036}"
EndProject
Global
	GlobalSection(SolutionConfigurationPlatforms) = preSolution
		Debug|Any CPU = Debug|Any CPU
		Release|Any CPU = Release|Any CPU
	EndGlobalSection
	GlobalSection(ProjectConfigurationPlatforms) = postSolution
		{332DEA27-70C2-4FCE-AC84-D5E540FC0A21}.Debug|Any CPU.ActiveCfg = Debug|Any CPU
		{332DEA27-70C2-4FCE-AC84-D5E540FC0A21}.Debug|Any CPU.Build.0 = Debug|Any CPU
		{332DEA27-70C2-4FCE-AC84-D5E540FC0A21}.Release|Any CPU.ActiveCfg = Release|Any CPU
		{332DEA27-70C2-4FCE-AC84-D5E540FC0A21}.Release|Any CPU.Build.0 = Release|Any CPU
		{35EDDC8F-7D6D-4B11-AD92-1B5E8BB37BA9}.Debug|Any CPU.ActiveCfg = Debug|Any CPU
		{35EDDC8F-7D6D-4B11-AD92-1B5E8BB37BA9}.Debug|Any CPU.Build.0 = Debug|Any CPU
		{35EDDC8F-7D6D-4B11-AD92-1B5E8BB37BA9}.Release|Any CPU.ActiveCfg = Release|Any CPU
		{35EDDC8F-7D6D-4B11-AD92-1B5E8BB37BA9}.Release|Any CPU.Build.0 = Release|Any CPU
		{8515D5C0-5CC7-4710-9300-B9564B8C8F4E}.Debug|Any CPU.ActiveCfg = Debug|Any CPU
		{8515D5C0-5CC7-4710-9300-B9564B8C8F4E}.Debug|Any CPU.Build.0 = Debug|Any CPU
		{8515D5C0-5CC7-4710-9300-B9564B8C8F4E}.Release|Any CPU.ActiveCfg = Release|Any CPU
		{8515D5C0-5CC7-4710-9300-B9564B8C8F4E}.Release|Any CPU.Build.0 = Release|Any CPU
		{47F8FC2D-AEC6-4669-B0F3-9FBBA7655CE6}.Debug|Any CPU.ActiveCfg = Debug|Any CPU
		{47F8FC2D-AEC6-4669-B0F3-9FBBA7655CE6}.Debug|Any CPU.Build.0 = Debug|Any CPU
		{47F8FC2D-AEC6-4669-B0F3-9FBBA7655CE6}.Release|Any CPU.ActiveCfg = Release|Any CPU
		{47F8FC2D-AEC6-4669-B0F3-9FBBA7655CE6}.Release|Any CPU.Build.0 = Release|Any CPU
		{D340225B-32ED-47BF-8426-9236E0C02011}.Debug|Any CPU.ActiveCfg = Debug|Any CPU
		{D340225B-32ED-47BF-8426-9236E0C02011}.Debug|Any CPU.Build.0 = Debug|Any CPU
		{D340225B-32ED-47BF-8426-9236E0C02011}.Release|Any CPU.ActiveCfg = Release|Any CPU
		{D340225B-32ED-47BF-8426-9236E0C02011}.Release|Any CPU.Build.0 = Release|Any CPU
		{B3D149CF-DA54-43AC-8088-D3E8A9DAC948}.Debug|Any CPU.ActiveCfg = Debug|Any CPU
		{B3D149CF-DA54-43AC-8088-D3E8A9DAC948}.Debug|Any CPU.Build.0 = Debug|Any CPU
		{B3D149CF-DA54-43AC-8088-D3E8A9DAC948}.Release|Any CPU.ActiveCfg = Release|Any CPU
		{B3D149CF-DA54-43AC-8088-D3E8A9DAC948}.Release|Any CPU.Build.0 = Release|Any CPU
		{B87BE8FB-A1D3-458B-8466-F1F4ADC76036}.Debug|Any CPU.ActiveCfg = Debug|Any CPU
		{B87BE8FB-A1D3-458B-8466-F1F4ADC76036}.Debug|Any CPU.Build.0 = Debug|Any CPU
		{B87BE8FB-A1D3-458B-8466-F1F4ADC76036}.Release|Any CPU.ActiveCfg = Release|Any CPU
		{B87BE8FB-A1D3-458B-8466-F1F4ADC76036}.Release|Any CPU.Build.0 = Release|Any CPU
	EndGlobalSection
	GlobalSection(SolutionProperties) = preSolution
		HideSolutionNode = FALSE
	EndGlobalSection
	GlobalSection(ExtensibilityGlobals) = postSolution
		SolutionGuid = {E20476FD-67C8-4159-A26E-A58DCD487A73}
	EndGlobalSection
EndGlobal
